
Microsoft Visual Studio Solution File, Format Version 12.00
# Visual Studio Version 17
VisualStudioVersion = 17.7.34031.279
MinimumVisualStudioVersion = 10.0.40219.1
Project("{FAE04EC0-301F-11D3-BF4B-00C04F79EFBC}") = "ControleFinanceiro.API", "ControleFinanceiro.API\ControleFinanceiro.API.csproj", "{62EBCB50-E85C-4086-9BF8-FDF1D640AB68}"
EndProject
Project("{FAE04EC0-301F-11D3-BF4B-00C04F79EFBC}") = "ControleFinanceiro.BLL", "..\ControleFinanceiro.BLL\ControleFinanceiro.BLL.csproj", "{BBCD5308-C748-4786-9071-A6AD8F9E6616}"
EndProject
Project("{FAE04EC0-301F-11D3-BF4B-00C04F79EFBC}") = "ControleFinanceiro.DAL", "..\ControleFinanceiro.DAL\ControleFinanceiro.DAL.csproj", "{4A9CED9D-D955-41EC-B9E0-C1AD6A070947}"
EndProject
Global
	GlobalSection(SolutionConfigurationPlatforms) = preSolution
		Debug|Any CPU = Debug|Any CPU
		Release|Any CPU = Release|Any CPU
	EndGlobalSection
	GlobalSection(ProjectConfigurationPlatforms) = postSolution
		{62EBCB50-E85C-4086-9BF8-FDF1D640AB68}.Debug|Any CPU.ActiveCfg = Debug|Any CPU
		{62EBCB50-E85C-4086-9BF8-FDF1D640AB68}.Debug|Any CPU.Build.0 = Debug|Any CPU
		{62EBCB50-E85C-4086-9BF8-FDF1D640AB68}.Release|Any CPU.ActiveCfg = Release|Any CPU
		{62EBCB50-E85C-4086-9BF8-FDF1D640AB68}.Release|Any CPU.Build.0 = Release|Any CPU
		{BBCD5308-C748-4786-9071-A6AD8F9E6616}.Debug|Any CPU.ActiveCfg = Debug|Any CPU
		{BBCD5308-C748-4786-9071-A6AD8F9E6616}.Debug|Any CPU.Build.0 = Debug|Any CPU
		{BBCD5308-C748-4786-9071-A6AD8F9E6616}.Release|Any CPU.ActiveCfg = Release|Any CPU
		{BBCD5308-C748-4786-9071-A6AD8F9E6616}.Release|Any CPU.Build.0 = Release|Any CPU
		{4A9CED9D-D955-41EC-B9E0-C1AD6A070947}.Debug|Any CPU.ActiveCfg = Debug|Any CPU
		{4A9CED9D-D955-41EC-B9E0-C1AD6A070947}.Debug|Any CPU.Build.0 = Debug|Any CPU
		{4A9CED9D-D955-41EC-B9E0-C1AD6A070947}.Release|Any CPU.ActiveCfg = Release|Any CPU
		{4A9CED9D-D955-41EC-B9E0-C1AD6A070947}.Release|Any CPU.Build.0 = Release|Any CPU
	EndGlobalSection
	GlobalSection(SolutionProperties) = preSolution
		HideSolutionNode = FALSE
	EndGlobalSection
	GlobalSection(ExtensibilityGlobals) = postSolution
		SolutionGuid = {07A9AEF1-904C-4677-A633-555586789188}
	EndGlobalSection
EndGlobal
